PODS:
  - AppCenter (1.2.0):
    - AppCenter/Analytics (= 1.2.0)
    - AppCenter/Crashes (= 1.2.0)
  - AppCenter/Analytics (1.2.0):
    - AppCenter/Core
  - AppCenter/Core (1.2.0)
  - AppCenter/Crashes (1.2.0):
    - AppCenter/Core
  - AppCenter/Push (1.2.0):
    - AppCenter/Core

DEPENDENCIES:
  - AppCenter
  - AppCenter/Analytics
  - AppCenter/Crashes
  - AppCenter/Push

SPEC CHECKSUMS:
  AppCenter: d0b68b2a7a87ac0aed78e66f36d87fd321d0a29c

PODFILE CHECKSUM: d77d1142db16fe4cf482e967c3db5de32fa64c8e

COCOAPODS: 1.4.0
